{
  "object": {
    "pins": [
      {
        "package": "SwiftBitset",
        "repositoryURL": "https://github.com/lemire/SwiftBitset.git",
        "state": {
          "branch": null,
          "revision": "027198c749fdf6cfde46eb6884aced40ffbc0309",
          "version": "0.3.3"
        }
      },
      {
        "package": "SwiftRoaring",
        "repositoryURL": "https://github.com/piotte13/SwiftRoaring.git",
        "state": {
          "branch": null,
          "revision": "9104cf3f35e7a38c9fb633084c7adb63a9f27f8b",
          "version": "1.0.4"
        }
      }
    ]
  },
  "version": 1
}
